
Microsoft Visual Studio Solution File, Format Version 12.00
Project("{2150E333-8FDC-42A3-9474-1A3956D46DE8}") = "Common", "Common", "{0B52A6E6-F018-458D-99EA-68ECCBC08D43}"
EndProject
Project("{FAE04EC0-301F-11D3-BF4B-00C04F79EFBC}") = "DeliverySoft.Core", "DeliverySoft.Core\DeliverySoft.Core.csproj", "{D6248FCA-8ED0-4C42-8821-2DF26E44ABD4}"
EndProject
Project("{2150E333-8FDC-42A3-9474-1A3956D46DE8}") = "Data access layer", "Data access layer", "{44800149-9F18-42DB-ACFF-59355DFF547C}"
EndProject
Project("{2150E333-8FDC-42A3-9474-1A3956D46DE8}") = "Abstractions", "Abstractions", "{897CCE56-5D7F-4508-9989-821A7AC77CDB}"
EndProject
Project("{FAE04EC0-301F-11D3-BF4B-00C04F79EFBC}") = "DeliverySoft.DAL.Abstractions", "DeliverySoft.DAL.Abstractions\DeliverySoft.DAL.Abstractions.csproj", "{FE199DBE-FC77-419C-9A88-CEE061EADBA5}"
EndProject
Project("{FAE04EC0-301F-11D3-BF4B-00C04F79EFBC}") = "DeliverySoft.DAL.Entities", "DeliverySoft.DAL.Entities\DeliverySoft.DAL.Entities.csproj", "{E7B599DA-D3D5-41E3-ADC7-C8463384A750}"
EndProject
Project("{FAE04EC0-301F-11D3-BF4B-00C04F79EFBC}") = "DeliverySoft.DAL.pgDAL", "DeliverySoft.DAL.pgDAL\DeliverySoft.DAL.pgDAL.csproj", "{253892F4-1510-45B0-A910-F3743AE8DA35}"
EndProject
Project("{FAE04EC0-301F-11D3-BF4B-00C04F79EFBC}") = "scripts", "scripts\scripts.csproj", "{0C0DDFCD-B3DB-4578-BC97-A5F69849B3D2}"
EndProject
Project("{2150E333-8FDC-42A3-9474-1A3956D46DE8}") = "Domain services", "Domain services", "{DCA8CB98-9173-47CE-8C36-6D27B1272907}"
EndProject
Project("{2150E333-8FDC-42A3-9474-1A3956D46DE8}") = "Employees", "Employees", "{7E42D9A0-2EE9-457B-8840-CAB5BA857F5E}"
EndProject
Project("{2150E333-8FDC-42A3-9474-1A3956D46DE8}") = "Realizations", "Realizations", "{C019EC15-DF38-435D-8C3A-A204C7861832}"
EndProject
Project("{2150E333-8FDC-42A3-9474-1A3956D46DE8}") = "Shared", "Shared", "{D8ECCD30-26AA-44E3-8BD9-C30D206CDD71}"
EndProject
Project("{FAE04EC0-301F-11D3-BF4B-00C04F79EFBC}") = "DeliverySoft.DomainServiceEmployees.Dto", "DeliverySoft.DomainServiceEmployees.Dto\DeliverySoft.DomainServiceEmployees.Dto.csproj", "{BC17F652-CEB5-4D96-90CB-68078939B4C4}"
EndProject
Project("{FAE04EC0-301F-11D3-BF4B-00C04F79EFBC}") = "DeliverySoft.DomainService.CommonDTOs", "DeliverySoft.DomainService.CommonDTOs\DeliverySoft.DomainService.CommonDTOs.csproj", "{5985C0A9-4154-40DF-A095-1C637C57FF99}"
EndProject
Project("{FAE04EC0-301F-11D3-BF4B-00C04F79EFBC}") = "DeliverySoft.DomainServiceEmployees.ApiClient", "DeliverySoft.DomainServiceEmployees.ApiClient\DeliverySoft.DomainServiceEmployees.ApiClient.csproj", "{21FB9DD4-2948-4CA6-889D-A501F6C1411C}"
EndProject
Project("{FAE04EC0-301F-11D3-BF4B-00C04F79EFBC}") = "DeliverySoft.DomainService.ClientHelpers", "DeliverySoft.DomainService.ClientHelpers\DeliverySoft.DomainService.ClientHelpers.csproj", "{7A6563EC-B626-40ED-83AA-48A3EDF476EF}"
EndProject
Project("{FAE04EC0-301F-11D3-BF4B-00C04F79EFBC}") = "DeliverySoft.DomainServiceEmployees.WebContracts", "DeliverySoft.DomainServiceEmployees.WebContracts\DeliverySoft.DomainServiceEmployees.WebContracts.csproj", "{F02A3424-AEDD-4E96-8139-CA4E7D823F51}"
EndProject
Project("{FAE04EC0-301F-11D3-BF4B-00C04F79EFBC}") = "DeliverySoft.DomainServiceEmployees.WebApi", "DeliverySoft.DomainServiceEmployees.WebApi\DeliverySoft.DomainServiceEmployees.WebApi.csproj", "{DEB3BDD6-5F8A-4349-842A-8EAE73A4D24D}"
EndProject
Project("{FAE04EC0-301F-11D3-BF4B-00C04F79EFBC}") = "DeliverySoft.DomainService.Helpers", "DeliverySoft.DomainService.Helpers\DeliverySoft.DomainService.Helpers.csproj", "{6A0DCFB0-BED1-4809-8929-C51CA83892E2}"
EndProject
Project("{FAE04EC0-301F-11D3-BF4B-00C04F79EFBC}") = "DeliverySoft.DomainServiceEmployees.DALService", "DeliverySoft.DomainServiceEmployees.DALService\DeliverySoft.DomainServiceEmployees.DALService.csproj", "{3389E837-FC35-45FF-AE27-917569AD91B2}"
EndProject
Project("{2150E333-8FDC-42A3-9474-1A3956D46DE8}") = "Orders", "Orders", "{C95F4D24-523E-418C-B77C-1E91E6D284B5}"
EndProject
Project("{2150E333-8FDC-42A3-9474-1A3956D46DE8}") = "Shared", "Shared", "{F0150DE3-AE3C-4D74-931B-66E52870024B}"
EndProject
Project("{FAE04EC0-301F-11D3-BF4B-00C04F79EFBC}") = "DeliverySoft.DomainServiceOrders.Dto", "DeliverySoft.DomainServiceOrders.Dto\DeliverySoft.DomainServiceOrders.Dto.csproj", "{C715269F-DD19-4757-9211-459260557BA3}"
EndProject
Project("{FAE04EC0-301F-11D3-BF4B-00C04F79EFBC}") = "DeliverySoft.DomainServiceOrders.WebContracts", "DeliverySoft.DomainServiceOrders.WebContracts\DeliverySoft.DomainServiceOrders.WebContracts.csproj", "{59E96F5C-DFF5-443E-8EF8-58B7CE05D41A}"
EndProject
Project("{FAE04EC0-301F-11D3-BF4B-00C04F79EFBC}") = "DeliverySoft.DomainServiceOrders.ApiClient", "DeliverySoft.DomainServiceOrders.ApiClient\DeliverySoft.DomainServiceOrders.ApiClient.csproj", "{51976146-4681-44B1-A6D6-F0F290D61488}"
EndProject
Project("{2150E333-8FDC-42A3-9474-1A3956D46DE8}") = "Realizations", "Realizations", "{CA6F5833-7726-476F-B0F5-E01540700F4A}"
EndProject
Project("{FAE04EC0-301F-11D3-BF4B-00C04F79EFBC}") = "DeliverySoft.DomainServiceOrders.DALService", "DeliverySoft.DomainServiceOrders.DALService\DeliverySoft.DomainServiceOrders.DALService.csproj", "{F5A72C5C-E61D-481D-9DAF-9F4E8848EC6A}"
EndProject
Global
	GlobalSection(SolutionConfigurationPlatforms) = preSolution
		Debug|Any CPU = Debug|Any CPU
		Release|Any CPU = Release|Any CPU
	EndGlobalSection
	GlobalSection(NestedProjects) = preSolution
		{D6248FCA-8ED0-4C42-8821-2DF26E44ABD4} = {0B52A6E6-F018-458D-99EA-68ECCBC08D43}
		{897CCE56-5D7F-4508-9989-821A7AC77CDB} = {44800149-9F18-42DB-ACFF-59355DFF547C}
		{FE199DBE-FC77-419C-9A88-CEE061EADBA5} = {897CCE56-5D7F-4508-9989-821A7AC77CDB}
		{E7B599DA-D3D5-41E3-ADC7-C8463384A750} = {44800149-9F18-42DB-ACFF-59355DFF547C}
		{253892F4-1510-45B0-A910-F3743AE8DA35} = {44800149-9F18-42DB-ACFF-59355DFF547C}
		{7E42D9A0-2EE9-457B-8840-CAB5BA857F5E} = {DCA8CB98-9173-47CE-8C36-6D27B1272907}
		{C019EC15-DF38-435D-8C3A-A204C7861832} = {7E42D9A0-2EE9-457B-8840-CAB5BA857F5E}
		{D8ECCD30-26AA-44E3-8BD9-C30D206CDD71} = {7E42D9A0-2EE9-457B-8840-CAB5BA857F5E}
		{BC17F652-CEB5-4D96-90CB-68078939B4C4} = {D8ECCD30-26AA-44E3-8BD9-C30D206CDD71}
		{5985C0A9-4154-40DF-A095-1C637C57FF99} = {DCA8CB98-9173-47CE-8C36-6D27B1272907}
		{21FB9DD4-2948-4CA6-889D-A501F6C1411C} = {D8ECCD30-26AA-44E3-8BD9-C30D206CDD71}
		{F02A3424-AEDD-4E96-8139-CA4E7D823F51} = {D8ECCD30-26AA-44E3-8BD9-C30D206CDD71}
		{7A6563EC-B626-40ED-83AA-48A3EDF476EF} = {DCA8CB98-9173-47CE-8C36-6D27B1272907}
		{DEB3BDD6-5F8A-4349-842A-8EAE73A4D24D} = {7E42D9A0-2EE9-457B-8840-CAB5BA857F5E}
		{6A0DCFB0-BED1-4809-8929-C51CA83892E2} = {DCA8CB98-9173-47CE-8C36-6D27B1272907}
		{3389E837-FC35-45FF-AE27-917569AD91B2} = {C019EC15-DF38-435D-8C3A-A204C7861832}
		{C95F4D24-523E-418C-B77C-1E91E6D284B5} = {DCA8CB98-9173-47CE-8C36-6D27B1272907}
		{F0150DE3-AE3C-4D74-931B-66E52870024B} = {C95F4D24-523E-418C-B77C-1E91E6D284B5}
		{C715269F-DD19-4757-9211-459260557BA3} = {F0150DE3-AE3C-4D74-931B-66E52870024B}
		{59E96F5C-DFF5-443E-8EF8-58B7CE05D41A} = {F0150DE3-AE3C-4D74-931B-66E52870024B}
		{51976146-4681-44B1-A6D6-F0F290D61488} = {F0150DE3-AE3C-4D74-931B-66E52870024B}
		{CA6F5833-7726-476F-B0F5-E01540700F4A} = {C95F4D24-523E-418C-B77C-1E91E6D284B5}
		{F5A72C5C-E61D-481D-9DAF-9F4E8848EC6A} = {CA6F5833-7726-476F-B0F5-E01540700F4A}
	EndGlobalSection
	GlobalSection(ProjectConfigurationPlatforms) = postSolution
		{D6248FCA-8ED0-4C42-8821-2DF26E44ABD4}.Debug|Any CPU.ActiveCfg = Debug|Any CPU
		{D6248FCA-8ED0-4C42-8821-2DF26E44ABD4}.Debug|Any CPU.Build.0 = Debug|Any CPU
		{D6248FCA-8ED0-4C42-8821-2DF26E44ABD4}.Release|Any CPU.ActiveCfg = Release|Any CPU
		{D6248FCA-8ED0-4C42-8821-2DF26E44ABD4}.Release|Any CPU.Build.0 = Release|Any CPU
		{FE199DBE-FC77-419C-9A88-CEE061EADBA5}.Debug|Any CPU.ActiveCfg = Debug|Any CPU
		{FE199DBE-FC77-419C-9A88-CEE061EADBA5}.Debug|Any CPU.Build.0 = Debug|Any CPU
		{FE199DBE-FC77-419C-9A88-CEE061EADBA5}.Release|Any CPU.ActiveCfg = Release|Any CPU
		{FE199DBE-FC77-419C-9A88-CEE061EADBA5}.Release|Any CPU.Build.0 = Release|Any CPU
		{E7B599DA-D3D5-41E3-ADC7-C8463384A750}.Debug|Any CPU.ActiveCfg = Debug|Any CPU
		{E7B599DA-D3D5-41E3-ADC7-C8463384A750}.Debug|Any CPU.Build.0 = Debug|Any CPU
		{E7B599DA-D3D5-41E3-ADC7-C8463384A750}.Release|Any CPU.ActiveCfg = Release|Any CPU
		{E7B599DA-D3D5-41E3-ADC7-C8463384A750}.Release|Any CPU.Build.0 = Release|Any CPU
		{253892F4-1510-45B0-A910-F3743AE8DA35}.Debug|Any CPU.ActiveCfg = Debug|Any CPU
		{253892F4-1510-45B0-A910-F3743AE8DA35}.Debug|Any CPU.Build.0 = Debug|Any CPU
		{253892F4-1510-45B0-A910-F3743AE8DA35}.Release|Any CPU.ActiveCfg = Release|Any CPU
		{253892F4-1510-45B0-A910-F3743AE8DA35}.Release|Any CPU.Build.0 = Release|Any CPU
		{0C0DDFCD-B3DB-4578-BC97-A5F69849B3D2}.Debug|Any CPU.ActiveCfg = Debug|Any CPU
		{0C0DDFCD-B3DB-4578-BC97-A5F69849B3D2}.Debug|Any CPU.Build.0 = Debug|Any CPU
		{0C0DDFCD-B3DB-4578-BC97-A5F69849B3D2}.Release|Any CPU.ActiveCfg = Release|Any CPU
		{0C0DDFCD-B3DB-4578-BC97-A5F69849B3D2}.Release|Any CPU.Build.0 = Release|Any CPU
		{BC17F652-CEB5-4D96-90CB-68078939B4C4}.Debug|Any CPU.ActiveCfg = Debug|Any CPU
		{BC17F652-CEB5-4D96-90CB-68078939B4C4}.Debug|Any CPU.Build.0 = Debug|Any CPU
		{BC17F652-CEB5-4D96-90CB-68078939B4C4}.Release|Any CPU.ActiveCfg = Release|Any CPU
		{BC17F652-CEB5-4D96-90CB-68078939B4C4}.Release|Any CPU.Build.0 = Release|Any CPU
		{5985C0A9-4154-40DF-A095-1C637C57FF99}.Debug|Any CPU.ActiveCfg = Debug|Any CPU
		{5985C0A9-4154-40DF-A095-1C637C57FF99}.Debug|Any CPU.Build.0 = Debug|Any CPU
		{5985C0A9-4154-40DF-A095-1C637C57FF99}.Release|Any CPU.ActiveCfg = Release|Any CPU
		{5985C0A9-4154-40DF-A095-1C637C57FF99}.Release|Any CPU.Build.0 = Release|Any CPU
		{21FB9DD4-2948-4CA6-889D-A501F6C1411C}.Debug|Any CPU.ActiveCfg = Debug|Any CPU
		{21FB9DD4-2948-4CA6-889D-A501F6C1411C}.Debug|Any CPU.Build.0 = Debug|Any CPU
		{21FB9DD4-2948-4CA6-889D-A501F6C1411C}.Release|Any CPU.ActiveCfg = Release|Any CPU
		{21FB9DD4-2948-4CA6-889D-A501F6C1411C}.Release|Any CPU.Build.0 = Release|Any CPU
		{7A6563EC-B626-40ED-83AA-48A3EDF476EF}.Debug|Any CPU.ActiveCfg = Debug|Any CPU
		{7A6563EC-B626-40ED-83AA-48A3EDF476EF}.Debug|Any CPU.Build.0 = Debug|Any CPU
		{7A6563EC-B626-40ED-83AA-48A3EDF476EF}.Release|Any CPU.ActiveCfg = Release|Any CPU
		{7A6563EC-B626-40ED-83AA-48A3EDF476EF}.Release|Any CPU.Build.0 = Release|Any CPU
		{F02A3424-AEDD-4E96-8139-CA4E7D823F51}.Debug|Any CPU.ActiveCfg = Debug|Any CPU
		{F02A3424-AEDD-4E96-8139-CA4E7D823F51}.Debug|Any CPU.Build.0 = Debug|Any CPU
		{F02A3424-AEDD-4E96-8139-CA4E7D823F51}.Release|Any CPU.ActiveCfg = Release|Any CPU
		{F02A3424-AEDD-4E96-8139-CA4E7D823F51}.Release|Any CPU.Build.0 = Release|Any CPU
		{DEB3BDD6-5F8A-4349-842A-8EAE73A4D24D}.Debug|Any CPU.ActiveCfg = Debug|Any CPU
		{DEB3BDD6-5F8A-4349-842A-8EAE73A4D24D}.Debug|Any CPU.Build.0 = Debug|Any CPU
		{DEB3BDD6-5F8A-4349-842A-8EAE73A4D24D}.Release|Any CPU.ActiveCfg = Release|Any CPU
		{DEB3BDD6-5F8A-4349-842A-8EAE73A4D24D}.Release|Any CPU.Build.0 = Release|Any CPU
		{6A0DCFB0-BED1-4809-8929-C51CA83892E2}.Debug|Any CPU.ActiveCfg = Debug|Any CPU
		{6A0DCFB0-BED1-4809-8929-C51CA83892E2}.Debug|Any CPU.Build.0 = Debug|Any CPU
		{6A0DCFB0-BED1-4809-8929-C51CA83892E2}.Release|Any CPU.ActiveCfg = Release|Any CPU
		{6A0DCFB0-BED1-4809-8929-C51CA83892E2}.Release|Any CPU.Build.0 = Release|Any CPU
		{3389E837-FC35-45FF-AE27-917569AD91B2}.Debug|Any CPU.ActiveCfg = Debug|Any CPU
		{3389E837-FC35-45FF-AE27-917569AD91B2}.Debug|Any CPU.Build.0 = Debug|Any CPU
		{3389E837-FC35-45FF-AE27-917569AD91B2}.Release|Any CPU.ActiveCfg = Release|Any CPU
		{3389E837-FC35-45FF-AE27-917569AD91B2}.Release|Any CPU.Build.0 = Release|Any CPU
		{C715269F-DD19-4757-9211-459260557BA3}.Debug|Any CPU.ActiveCfg = Debug|Any CPU
		{C715269F-DD19-4757-9211-459260557BA3}.Debug|Any CPU.Build.0 = Debug|Any CPU
		{C715269F-DD19-4757-9211-459260557BA3}.Release|Any CPU.ActiveCfg = Release|Any CPU
		{C715269F-DD19-4757-9211-459260557BA3}.Release|Any CPU.Build.0 = Release|Any CPU
		{59E96F5C-DFF5-443E-8EF8-58B7CE05D41A}.Debug|Any CPU.ActiveCfg = Debug|Any CPU
		{59E96F5C-DFF5-443E-8EF8-58B7CE05D41A}.Debug|Any CPU.Build.0 = Debug|Any CPU
		{59E96F5C-DFF5-443E-8EF8-58B7CE05D41A}.Release|Any CPU.ActiveCfg = Release|Any CPU
		{59E96F5C-DFF5-443E-8EF8-58B7CE05D41A}.Release|Any CPU.Build.0 = Release|Any CPU
		{51976146-4681-44B1-A6D6-F0F290D61488}.Debug|Any CPU.ActiveCfg = Debug|Any CPU
		{51976146-4681-44B1-A6D6-F0F290D61488}.Debug|Any CPU.Build.0 = Debug|Any CPU
		{51976146-4681-44B1-A6D6-F0F290D61488}.Release|Any CPU.ActiveCfg = Release|Any CPU
		{51976146-4681-44B1-A6D6-F0F290D61488}.Release|Any CPU.Build.0 = Release|Any CPU
		{F5A72C5C-E61D-481D-9DAF-9F4E8848EC6A}.Debug|Any CPU.ActiveCfg = Debug|Any CPU
		{F5A72C5C-E61D-481D-9DAF-9F4E8848EC6A}.Debug|Any CPU.Build.0 = Debug|Any CPU
		{F5A72C5C-E61D-481D-9DAF-9F4E8848EC6A}.Release|Any CPU.ActiveCfg = Release|Any CPU
		{F5A72C5C-E61D-481D-9DAF-9F4E8848EC6A}.Release|Any CPU.Build.0 = Release|Any CPU
	EndGlobalSection
EndGlobal
