
Microsoft Visual Studio Solution File, Format Version 12.00
Project("{2150E333-8FDC-42A3-9474-1A3956D46DE8}") = "Common", "Common", "{0B52A6E6-F018-458D-99EA-68ECCBC08D43}"
EndProject
Project("{FAE04EC0-301F-11D3-BF4B-00C04F79EFBC}") = "DeliverySoft.Core", "DeliverySoft.Core\DeliverySoft.Core.csproj", "{D6248FCA-8ED0-4C42-8821-2DF26E44ABD4}"
EndProject
Project("{2150E333-8FDC-42A3-9474-1A3956D46DE8}") = "Data access layer", "Data access layer", "{44800149-9F18-42DB-ACFF-59355DFF547C}"
EndProject
Project("{2150E333-8FDC-42A3-9474-1A3956D46DE8}") = "Abstractions", "Abstractions", "{897CCE56-5D7F-4508-9989-821A7AC77CDB}"
EndProject
Project("{FAE04EC0-301F-11D3-BF4B-00C04F79EFBC}") = "DeliverySoft.DAL.Abstractions", "DeliverySoft.DAL.Abstractions\DeliverySoft.DAL.Abstractions.csproj", "{FE199DBE-FC77-419C-9A88-CEE061EADBA5}"
EndProject
Project("{FAE04EC0-301F-11D3-BF4B-00C04F79EFBC}") = "DeliverySoft.DAL.Entities", "DeliverySoft.DAL.Entities\DeliverySoft.DAL.Entities.csproj", "{E7B599DA-D3D5-41E3-ADC7-C8463384A750}"
EndProject
Project("{FAE04EC0-301F-11D3-BF4B-00C04F79EFBC}") = "DeliverySoft.DAL.pgDAL", "DeliverySoft.DAL.pgDAL\DeliverySoft.DAL.pgDAL.csproj", "{253892F4-1510-45B0-A910-F3743AE8DA35}"
EndProject
Project("{FAE04EC0-301F-11D3-BF4B-00C04F79EFBC}") = "scripts", "scripts\scripts.csproj", "{0C0DDFCD-B3DB-4578-BC97-A5F69849B3D2}"
EndProject
Project("{2150E333-8FDC-42A3-9474-1A3956D46DE8}") = "Domain services", "Domain services", "{DCA8CB98-9173-47CE-8C36-6D27B1272907}"
EndProject
Project("{2150E333-8FDC-42A3-9474-1A3956D46DE8}") = "Employees", "Employees", "{7E42D9A0-2EE9-457B-8840-CAB5BA857F5E}"
EndProject
Project("{2150E333-8FDC-42A3-9474-1A3956D46DE8}") = "Realizations", "Realizations", "{C019EC15-DF38-435D-8C3A-A204C7861832}"
EndProject
Project("{2150E333-8FDC-42A3-9474-1A3956D46DE8}") = "Shared", "Shared", "{D8ECCD30-26AA-44E3-8BD9-C30D206CDD71}"
EndProject
Project("{FAE04EC0-301F-11D3-BF4B-00C04F79EFBC}") = "DeliverySoft.DomainServiceEmployees.Dto", "DeliverySoft.DomainServiceEmployees.Dto\DeliverySoft.DomainServiceEmployees.Dto.csproj", "{BC17F652-CEB5-4D96-90CB-68078939B4C4}"
EndProject
Project("{FAE04EC0-301F-11D3-BF4B-00C04F79EFBC}") = "DeliverySoft.DomainService.CommonDTOs", "DeliverySoft.DomainService.CommonDTOs\DeliverySoft.DomainService.CommonDTOs.csproj", "{5985C0A9-4154-40DF-A095-1C637C57FF99}"
EndProject
Project("{FAE04EC0-301F-11D3-BF4B-00C04F79EFBC}") = "DeliverySoft.DomainServiceEmployees.ApiClient", "DeliverySoft.DomainServiceEmployees.ApiClient\DeliverySoft.DomainServiceEmployees.ApiClient.csproj", "{21FB9DD4-2948-4CA6-889D-A501F6C1411C}"
EndProject
Project("{FAE04EC0-301F-11D3-BF4B-00C04F79EFBC}") = "DeliverySoft.DomainService.ClientHelpers", "DeliverySoft.DomainService.ClientHelpers\DeliverySoft.DomainService.ClientHelpers.csproj", "{7A6563EC-B626-40ED-83AA-48A3EDF476EF}"
EndProject
Project("{FAE04EC0-301F-11D3-BF4B-00C04F79EFBC}") = "DeliverySoft.DomainServiceEmployees.WebContracts", "DeliverySoft.DomainServiceEmployees.WebContracts\DeliverySoft.DomainServiceEmployees.WebContracts.csproj", "{F02A3424-AEDD-4E96-8139-CA4E7D823F51}"
EndProject
Project("{FAE04EC0-301F-11D3-BF4B-00C04F79EFBC}") = "DeliverySoft.DomainServiceEmployees.WebApi", "DeliverySoft.DomainServiceEmployees.WebApi\DeliverySoft.DomainServiceEmployees.WebApi.csproj", "{DEB3BDD6-5F8A-4349-842A-8EAE73A4D24D}"
EndProject
Project("{FAE04EC0-301F-11D3-BF4B-00C04F79EFBC}") = "DeliverySoft.DomainService.Helpers", "DeliverySoft.DomainService.Helpers\DeliverySoft.DomainService.Helpers.csproj", "{6A0DCFB0-BED1-4809-8929-C51CA83892E2}"
EndProject
Project("{FAE04EC0-301F-11D3-BF4B-00C04F79EFBC}") = "DeliverySoft.DomainServiceEmployees.DALService", "DeliverySoft.DomainServiceEmployees.DALService\DeliverySoft.DomainServiceEmployees.DALService.csproj", "{3389E837-FC35-45FF-AE27-917569AD91B2}"
EndProject
Project("{2150E333-8FDC-42A3-9474-1A3956D46DE8}") = "Orders", "Orders", "{C95F4D24-523E-418C-B77C-1E91E6D284B5}"
EndProject
Project("{2150E333-8FDC-42A3-9474-1A3956D46DE8}") = "Shared", "Shared", "{F0150DE3-AE3C-4D74-931B-66E52870024B}"
EndProject
Project("{FAE04EC0-301F-11D3-BF4B-00C04F79EFBC}") = "DeliverySoft.DomainServiceOrders.Dto", "DeliverySoft.DomainServiceOrders.Dto\DeliverySoft.DomainServiceOrders.Dto.csproj", "{C715269F-DD19-4757-9211-459260557BA3}"
EndProject
Project("{FAE04EC0-301F-11D3-BF4B-00C04F79EFBC}") = "DeliverySoft.DomainServiceOrders.WebContracts", "DeliverySoft.DomainServiceOrders.WebContracts\DeliverySoft.DomainServiceOrders.WebContracts.csproj", "{59E96F5C-DFF5-443E-8EF8-58B7CE05D41A}"
EndProject
Project("{FAE04EC0-301F-11D3-BF4B-00C04F79EFBC}") = "DeliverySoft.DomainServiceOrders.ApiClient", "DeliverySoft.DomainServiceOrders.ApiClient\DeliverySoft.DomainServiceOrders.ApiClient.csproj", "{51976146-4681-44B1-A6D6-F0F290D61488}"
EndProject
Project("{2150E333-8FDC-42A3-9474-1A3956D46DE8}") = "Realizations", "Realizations", "{CA6F5833-7726-476F-B0F5-E01540700F4A}"
EndProject
Project("{FAE04EC0-301F-11D3-BF4B-00C04F79EFBC}") = "DeliverySoft.DomainServiceOrders.DALService", "DeliverySoft.DomainServiceOrders.DALService\DeliverySoft.DomainServiceOrders.DALService.csproj", "{F5A72C5C-E61D-481D-9DAF-9F4E8848EC6A}"
EndProject
Project("{FAE04EC0-301F-11D3-BF4B-00C04F79EFBC}") = "DeliverySoft.DomainServiceOrders.WebApi", "DeliverySoft.DomainServiceOrders.WebApi\DeliverySoft.DomainServiceOrders.WebApi.csproj", "{EA606F6F-F364-41B9-8888-B1C767C7210D}"
EndProject
Project("{2150E333-8FDC-42A3-9474-1A3956D46DE8}") = "Clients", "Clients", "{B0CF1475-790B-4D98-AB1A-FC3F62C66202}"
EndProject
Project("{2150E333-8FDC-42A3-9474-1A3956D46DE8}") = "Shared", "Shared", "{1928567D-7F63-4872-952F-5DB6CABC54FF}"
EndProject
Project("{2150E333-8FDC-42A3-9474-1A3956D46DE8}") = "Realizations", "Realizations", "{00C8E643-5285-4898-994D-CF67588BD710}"
EndProject
Project("{FAE04EC0-301F-11D3-BF4B-00C04F79EFBC}") = "DeliverySoft.DomainServiceClients.Dto", "DeliverySoft.DomainServiceClients.Dto\DeliverySoft.DomainServiceClients.Dto.csproj", "{8A0040DA-546F-4550-B99C-3105ACE80629}"
EndProject
Project("{FAE04EC0-301F-11D3-BF4B-00C04F79EFBC}") = "DeliverySoft.DomainServiceClients.WebContracts", "DeliverySoft.DomainServiceClients.WebContracts\DeliverySoft.DomainServiceClients.WebContracts.csproj", "{85B680DF-65EA-4CEC-BAF5-B66D9ABA1C21}"
EndProject
Project("{FAE04EC0-301F-11D3-BF4B-00C04F79EFBC}") = "DeliverySoft.DomainServiceClients.ApiClient", "DeliverySoft.DomainServiceClients.ApiClient\DeliverySoft.DomainServiceClients.ApiClient.csproj", "{DB7ACE07-40D5-4451-BBCE-B238D9964E53}"
EndProject
Project("{FAE04EC0-301F-11D3-BF4B-00C04F79EFBC}") = "DeliverySoft.DomainServiceClients.DALService", "DeliverySoft.DomainServiceClients.DALService\DeliverySoft.DomainServiceClients.DALService.csproj", "{B72C4987-5478-4CC5-BCCF-BCB90AB4EB74}"
EndProject
Project("{FAE04EC0-301F-11D3-BF4B-00C04F79EFBC}") = "DeliverySoft.DomainServiceClients.WebApi", "DeliverySoft.DomainServiceClients.WebApi\DeliverySoft.DomainServiceClients.WebApi.csproj", "{EB0C7A0C-7998-420D-85F3-D8E3F395666F}"
EndProject
Project("{2150E333-8FDC-42A3-9474-1A3956D46DE8}") = "DeliverySoft", "DeliverySoft", "{070E62AD-DDE8-4BF6-B44D-59B27694EE68}"
EndProject
Project("{FAE04EC0-301F-11D3-BF4B-00C04F79EFBC}") = "DeliverySoft.APIGateway", "DeliverySoft.APIGateway\DeliverySoft.APIGateway.csproj", "{7C743250-CD12-477C-BA08-6D691AE0904E}"
EndProject
Project("{2150E333-8FDC-42A3-9474-1A3956D46DE8}") = "Main site", "Main site", "{F92D24B3-E86C-4BF3-B2AE-C8F367086304}"
EndProject
Project("{2150E333-8FDC-42A3-9474-1A3956D46DE8}") = "Wrappers", "Wrappers", "{9BCF3CD9-8C20-4CC5-AA1B-98D56545D0B8}"
EndProject
Project("{2150E333-8FDC-42A3-9474-1A3956D46DE8}") = "Pages", "Pages", "{866FDA97-E1C5-4CDC-88C6-6344C53F92E0}"
EndProject
Project("{FAE04EC0-301F-11D3-BF4B-00C04F79EFBC}") = "DeliverySoft.OrderPage", "DeliverySoft.OrderPage\DeliverySoft.OrderPage.csproj", "{8BB970BC-6D67-4631-B5B6-7FDBE796EE87}"
EndProject
Global
	GlobalSection(SolutionConfigurationPlatforms) = preSolution
		Debug|Any CPU = Debug|Any CPU
		Release|Any CPU = Release|Any CPU
	EndGlobalSection
	GlobalSection(NestedProjects) = preSolution
		{D6248FCA-8ED0-4C42-8821-2DF26E44ABD4} = {0B52A6E6-F018-458D-99EA-68ECCBC08D43}
		{897CCE56-5D7F-4508-9989-821A7AC77CDB} = {44800149-9F18-42DB-ACFF-59355DFF547C}
		{FE199DBE-FC77-419C-9A88-CEE061EADBA5} = {897CCE56-5D7F-4508-9989-821A7AC77CDB}
		{E7B599DA-D3D5-41E3-ADC7-C8463384A750} = {44800149-9F18-42DB-ACFF-59355DFF547C}
		{253892F4-1510-45B0-A910-F3743AE8DA35} = {44800149-9F18-42DB-ACFF-59355DFF547C}
		{7E42D9A0-2EE9-457B-8840-CAB5BA857F5E} = {DCA8CB98-9173-47CE-8C36-6D27B1272907}
		{C019EC15-DF38-435D-8C3A-A204C7861832} = {7E42D9A0-2EE9-457B-8840-CAB5BA857F5E}
		{D8ECCD30-26AA-44E3-8BD9-C30D206CDD71} = {7E42D9A0-2EE9-457B-8840-CAB5BA857F5E}
		{BC17F652-CEB5-4D96-90CB-68078939B4C4} = {D8ECCD30-26AA-44E3-8BD9-C30D206CDD71}
		{5985C0A9-4154-40DF-A095-1C637C57FF99} = {DCA8CB98-9173-47CE-8C36-6D27B1272907}
		{21FB9DD4-2948-4CA6-889D-A501F6C1411C} = {D8ECCD30-26AA-44E3-8BD9-C30D206CDD71}
		{F02A3424-AEDD-4E96-8139-CA4E7D823F51} = {D8ECCD30-26AA-44E3-8BD9-C30D206CDD71}
		{7A6563EC-B626-40ED-83AA-48A3EDF476EF} = {DCA8CB98-9173-47CE-8C36-6D27B1272907}
		{DEB3BDD6-5F8A-4349-842A-8EAE73A4D24D} = {7E42D9A0-2EE9-457B-8840-CAB5BA857F5E}
		{6A0DCFB0-BED1-4809-8929-C51CA83892E2} = {DCA8CB98-9173-47CE-8C36-6D27B1272907}
		{3389E837-FC35-45FF-AE27-917569AD91B2} = {C019EC15-DF38-435D-8C3A-A204C7861832}
		{C95F4D24-523E-418C-B77C-1E91E6D284B5} = {DCA8CB98-9173-47CE-8C36-6D27B1272907}
		{F0150DE3-AE3C-4D74-931B-66E52870024B} = {C95F4D24-523E-418C-B77C-1E91E6D284B5}
		{C715269F-DD19-4757-9211-459260557BA3} = {F0150DE3-AE3C-4D74-931B-66E52870024B}
		{59E96F5C-DFF5-443E-8EF8-58B7CE05D41A} = {F0150DE3-AE3C-4D74-931B-66E52870024B}
		{51976146-4681-44B1-A6D6-F0F290D61488} = {F0150DE3-AE3C-4D74-931B-66E52870024B}
		{CA6F5833-7726-476F-B0F5-E01540700F4A} = {C95F4D24-523E-418C-B77C-1E91E6D284B5}
		{F5A72C5C-E61D-481D-9DAF-9F4E8848EC6A} = {CA6F5833-7726-476F-B0F5-E01540700F4A}
		{EA606F6F-F364-41B9-8888-B1C767C7210D} = {C95F4D24-523E-418C-B77C-1E91E6D284B5}
		{B0CF1475-790B-4D98-AB1A-FC3F62C66202} = {DCA8CB98-9173-47CE-8C36-6D27B1272907}
		{1928567D-7F63-4872-952F-5DB6CABC54FF} = {B0CF1475-790B-4D98-AB1A-FC3F62C66202}
		{00C8E643-5285-4898-994D-CF67588BD710} = {B0CF1475-790B-4D98-AB1A-FC3F62C66202}
		{8A0040DA-546F-4550-B99C-3105ACE80629} = {1928567D-7F63-4872-952F-5DB6CABC54FF}
		{85B680DF-65EA-4CEC-BAF5-B66D9ABA1C21} = {1928567D-7F63-4872-952F-5DB6CABC54FF}
		{DB7ACE07-40D5-4451-BBCE-B238D9964E53} = {1928567D-7F63-4872-952F-5DB6CABC54FF}
		{B72C4987-5478-4CC5-BCCF-BCB90AB4EB74} = {00C8E643-5285-4898-994D-CF67588BD710}
		{EB0C7A0C-7998-420D-85F3-D8E3F395666F} = {B0CF1475-790B-4D98-AB1A-FC3F62C66202}
		{F92D24B3-E86C-4BF3-B2AE-C8F367086304} = {070E62AD-DDE8-4BF6-B44D-59B27694EE68}
		{9BCF3CD9-8C20-4CC5-AA1B-98D56545D0B8} = {F92D24B3-E86C-4BF3-B2AE-C8F367086304}
		{7C743250-CD12-477C-BA08-6D691AE0904E} = {9BCF3CD9-8C20-4CC5-AA1B-98D56545D0B8}
		{866FDA97-E1C5-4CDC-88C6-6344C53F92E0} = {F92D24B3-E86C-4BF3-B2AE-C8F367086304}
		{8BB970BC-6D67-4631-B5B6-7FDBE796EE87} = {866FDA97-E1C5-4CDC-88C6-6344C53F92E0}
	EndGlobalSection
	GlobalSection(ProjectConfigurationPlatforms) = postSolution
		{D6248FCA-8ED0-4C42-8821-2DF26E44ABD4}.Debug|Any CPU.ActiveCfg = Debug|Any CPU
		{D6248FCA-8ED0-4C42-8821-2DF26E44ABD4}.Debug|Any CPU.Build.0 = Debug|Any CPU
		{D6248FCA-8ED0-4C42-8821-2DF26E44ABD4}.Release|Any CPU.ActiveCfg = Release|Any CPU
		{D6248FCA-8ED0-4C42-8821-2DF26E44ABD4}.Release|Any CPU.Build.0 = Release|Any CPU
		{FE199DBE-FC77-419C-9A88-CEE061EADBA5}.Debug|Any CPU.ActiveCfg = Debug|Any CPU
		{FE199DBE-FC77-419C-9A88-CEE061EADBA5}.Debug|Any CPU.Build.0 = Debug|Any CPU
		{FE199DBE-FC77-419C-9A88-CEE061EADBA5}.Release|Any CPU.ActiveCfg = Release|Any CPU
		{FE199DBE-FC77-419C-9A88-CEE061EADBA5}.Release|Any CPU.Build.0 = Release|Any CPU
		{E7B599DA-D3D5-41E3-ADC7-C8463384A750}.Debug|Any CPU.ActiveCfg = Debug|Any CPU
		{E7B599DA-D3D5-41E3-ADC7-C8463384A750}.Debug|Any CPU.Build.0 = Debug|Any CPU
		{E7B599DA-D3D5-41E3-ADC7-C8463384A750}.Release|Any CPU.ActiveCfg = Release|Any CPU
		{E7B599DA-D3D5-41E3-ADC7-C8463384A750}.Release|Any CPU.Build.0 = Release|Any CPU
		{253892F4-1510-45B0-A910-F3743AE8DA35}.Debug|Any CPU.ActiveCfg = Debug|Any CPU
		{253892F4-1510-45B0-A910-F3743AE8DA35}.Debug|Any CPU.Build.0 = Debug|Any CPU
		{253892F4-1510-45B0-A910-F3743AE8DA35}.Release|Any CPU.ActiveCfg = Release|Any CPU
		{253892F4-1510-45B0-A910-F3743AE8DA35}.Release|Any CPU.Build.0 = Release|Any CPU
		{0C0DDFCD-B3DB-4578-BC97-A5F69849B3D2}.Debug|Any CPU.ActiveCfg = Debug|Any CPU
		{0C0DDFCD-B3DB-4578-BC97-A5F69849B3D2}.Debug|Any CPU.Build.0 = Debug|Any CPU
		{0C0DDFCD-B3DB-4578-BC97-A5F69849B3D2}.Release|Any CPU.ActiveCfg = Release|Any CPU
		{0C0DDFCD-B3DB-4578-BC97-A5F69849B3D2}.Release|Any CPU.Build.0 = Release|Any CPU
		{BC17F652-CEB5-4D96-90CB-68078939B4C4}.Debug|Any CPU.ActiveCfg = Debug|Any CPU
		{BC17F652-CEB5-4D96-90CB-68078939B4C4}.Debug|Any CPU.Build.0 = Debug|Any CPU
		{BC17F652-CEB5-4D96-90CB-68078939B4C4}.Release|Any CPU.ActiveCfg = Release|Any CPU
		{BC17F652-CEB5-4D96-90CB-68078939B4C4}.Release|Any CPU.Build.0 = Release|Any CPU
		{5985C0A9-4154-40DF-A095-1C637C57FF99}.Debug|Any CPU.ActiveCfg = Debug|Any CPU
		{5985C0A9-4154-40DF-A095-1C637C57FF99}.Debug|Any CPU.Build.0 = Debug|Any CPU
		{5985C0A9-4154-40DF-A095-1C637C57FF99}.Release|Any CPU.ActiveCfg = Release|Any CPU
		{5985C0A9-4154-40DF-A095-1C637C57FF99}.Release|Any CPU.Build.0 = Release|Any CPU
		{21FB9DD4-2948-4CA6-889D-A501F6C1411C}.Debug|Any CPU.ActiveCfg = Debug|Any CPU
		{21FB9DD4-2948-4CA6-889D-A501F6C1411C}.Debug|Any CPU.Build.0 = Debug|Any CPU
		{21FB9DD4-2948-4CA6-889D-A501F6C1411C}.Release|Any CPU.ActiveCfg = Release|Any CPU
		{21FB9DD4-2948-4CA6-889D-A501F6C1411C}.Release|Any CPU.Build.0 = Release|Any CPU
		{7A6563EC-B626-40ED-83AA-48A3EDF476EF}.Debug|Any CPU.ActiveCfg = Debug|Any CPU
		{7A6563EC-B626-40ED-83AA-48A3EDF476EF}.Debug|Any CPU.Build.0 = Debug|Any CPU
		{7A6563EC-B626-40ED-83AA-48A3EDF476EF}.Release|Any CPU.ActiveCfg = Release|Any CPU
		{7A6563EC-B626-40ED-83AA-48A3EDF476EF}.Release|Any CPU.Build.0 = Release|Any CPU
		{F02A3424-AEDD-4E96-8139-CA4E7D823F51}.Debug|Any CPU.ActiveCfg = Debug|Any CPU
		{F02A3424-AEDD-4E96-8139-CA4E7D823F51}.Debug|Any CPU.Build.0 = Debug|Any CPU
		{F02A3424-AEDD-4E96-8139-CA4E7D823F51}.Release|Any CPU.ActiveCfg = Release|Any CPU
		{F02A3424-AEDD-4E96-8139-CA4E7D823F51}.Release|Any CPU.Build.0 = Release|Any CPU
		{DEB3BDD6-5F8A-4349-842A-8EAE73A4D24D}.Debug|Any CPU.ActiveCfg = Debug|Any CPU
		{DEB3BDD6-5F8A-4349-842A-8EAE73A4D24D}.Debug|Any CPU.Build.0 = Debug|Any CPU
		{DEB3BDD6-5F8A-4349-842A-8EAE73A4D24D}.Release|Any CPU.ActiveCfg = Release|Any CPU
		{DEB3BDD6-5F8A-4349-842A-8EAE73A4D24D}.Release|Any CPU.Build.0 = Release|Any CPU
		{6A0DCFB0-BED1-4809-8929-C51CA83892E2}.Debug|Any CPU.ActiveCfg = Debug|Any CPU
		{6A0DCFB0-BED1-4809-8929-C51CA83892E2}.Debug|Any CPU.Build.0 = Debug|Any CPU
		{6A0DCFB0-BED1-4809-8929-C51CA83892E2}.Release|Any CPU.ActiveCfg = Release|Any CPU
		{6A0DCFB0-BED1-4809-8929-C51CA83892E2}.Release|Any CPU.Build.0 = Release|Any CPU
		{3389E837-FC35-45FF-AE27-917569AD91B2}.Debug|Any CPU.ActiveCfg = Debug|Any CPU
		{3389E837-FC35-45FF-AE27-917569AD91B2}.Debug|Any CPU.Build.0 = Debug|Any CPU
		{3389E837-FC35-45FF-AE27-917569AD91B2}.Release|Any CPU.ActiveCfg = Release|Any CPU
		{3389E837-FC35-45FF-AE27-917569AD91B2}.Release|Any CPU.Build.0 = Release|Any CPU
		{C715269F-DD19-4757-9211-459260557BA3}.Debug|Any CPU.ActiveCfg = Debug|Any CPU
		{C715269F-DD19-4757-9211-459260557BA3}.Debug|Any CPU.Build.0 = Debug|Any CPU
		{C715269F-DD19-4757-9211-459260557BA3}.Release|Any CPU.ActiveCfg = Release|Any CPU
		{C715269F-DD19-4757-9211-459260557BA3}.Release|Any CPU.Build.0 = Release|Any CPU
		{59E96F5C-DFF5-443E-8EF8-58B7CE05D41A}.Debug|Any CPU.ActiveCfg = Debug|Any CPU
		{59E96F5C-DFF5-443E-8EF8-58B7CE05D41A}.Debug|Any CPU.Build.0 = Debug|Any CPU
		{59E96F5C-DFF5-443E-8EF8-58B7CE05D41A}.Release|Any CPU.ActiveCfg = Release|Any CPU
		{59E96F5C-DFF5-443E-8EF8-58B7CE05D41A}.Release|Any CPU.Build.0 = Release|Any CPU
		{51976146-4681-44B1-A6D6-F0F290D61488}.Debug|Any CPU.ActiveCfg = Debug|Any CPU
		{51976146-4681-44B1-A6D6-F0F290D61488}.Debug|Any CPU.Build.0 = Debug|Any CPU
		{51976146-4681-44B1-A6D6-F0F290D61488}.Release|Any CPU.ActiveCfg = Release|Any CPU
		{51976146-4681-44B1-A6D6-F0F290D61488}.Release|Any CPU.Build.0 = Release|Any CPU
		{F5A72C5C-E61D-481D-9DAF-9F4E8848EC6A}.Debug|Any CPU.ActiveCfg = Debug|Any CPU
		{F5A72C5C-E61D-481D-9DAF-9F4E8848EC6A}.Debug|Any CPU.Build.0 = Debug|Any CPU
		{F5A72C5C-E61D-481D-9DAF-9F4E8848EC6A}.Release|Any CPU.ActiveCfg = Release|Any CPU
		{F5A72C5C-E61D-481D-9DAF-9F4E8848EC6A}.Release|Any CPU.Build.0 = Release|Any CPU
		{EA606F6F-F364-41B9-8888-B1C767C7210D}.Debug|Any CPU.ActiveCfg = Debug|Any CPU
		{EA606F6F-F364-41B9-8888-B1C767C7210D}.Debug|Any CPU.Build.0 = Debug|Any CPU
		{EA606F6F-F364-41B9-8888-B1C767C7210D}.Release|Any CPU.ActiveCfg = Release|Any CPU
		{EA606F6F-F364-41B9-8888-B1C767C7210D}.Release|Any CPU.Build.0 = Release|Any CPU
		{8A0040DA-546F-4550-B99C-3105ACE80629}.Debug|Any CPU.ActiveCfg = Debug|Any CPU
		{8A0040DA-546F-4550-B99C-3105ACE80629}.Debug|Any CPU.Build.0 = Debug|Any CPU
		{8A0040DA-546F-4550-B99C-3105ACE80629}.Release|Any CPU.ActiveCfg = Release|Any CPU
		{8A0040DA-546F-4550-B99C-3105ACE80629}.Release|Any CPU.Build.0 = Release|Any CPU
		{85B680DF-65EA-4CEC-BAF5-B66D9ABA1C21}.Debug|Any CPU.ActiveCfg = Debug|Any CPU
		{85B680DF-65EA-4CEC-BAF5-B66D9ABA1C21}.Debug|Any CPU.Build.0 = Debug|Any CPU
		{85B680DF-65EA-4CEC-BAF5-B66D9ABA1C21}.Release|Any CPU.ActiveCfg = Release|Any CPU
		{85B680DF-65EA-4CEC-BAF5-B66D9ABA1C21}.Release|Any CPU.Build.0 = Release|Any CPU
		{DB7ACE07-40D5-4451-BBCE-B238D9964E53}.Debug|Any CPU.ActiveCfg = Debug|Any CPU
		{DB7ACE07-40D5-4451-BBCE-B238D9964E53}.Debug|Any CPU.Build.0 = Debug|Any CPU
		{DB7ACE07-40D5-4451-BBCE-B238D9964E53}.Release|Any CPU.ActiveCfg = Release|Any CPU
		{DB7ACE07-40D5-4451-BBCE-B238D9964E53}.Release|Any CPU.Build.0 = Release|Any CPU
		{B72C4987-5478-4CC5-BCCF-BCB90AB4EB74}.Debug|Any CPU.ActiveCfg = Debug|Any CPU
		{B72C4987-5478-4CC5-BCCF-BCB90AB4EB74}.Debug|Any CPU.Build.0 = Debug|Any CPU
		{B72C4987-5478-4CC5-BCCF-BCB90AB4EB74}.Release|Any CPU.ActiveCfg = Release|Any CPU
		{B72C4987-5478-4CC5-BCCF-BCB90AB4EB74}.Release|Any CPU.Build.0 = Release|Any CPU
		{EB0C7A0C-7998-420D-85F3-D8E3F395666F}.Debug|Any CPU.ActiveCfg = Debug|Any CPU
		{EB0C7A0C-7998-420D-85F3-D8E3F395666F}.Debug|Any CPU.Build.0 = Debug|Any CPU
		{EB0C7A0C-7998-420D-85F3-D8E3F395666F}.Release|Any CPU.ActiveCfg = Release|Any CPU
		{EB0C7A0C-7998-420D-85F3-D8E3F395666F}.Release|Any CPU.Build.0 = Release|Any CPU
		{7C743250-CD12-477C-BA08-6D691AE0904E}.Debug|Any CPU.ActiveCfg = Debug|Any CPU
		{7C743250-CD12-477C-BA08-6D691AE0904E}.Debug|Any CPU.Build.0 = Debug|Any CPU
		{7C743250-CD12-477C-BA08-6D691AE0904E}.Release|Any CPU.ActiveCfg = Release|Any CPU
		{7C743250-CD12-477C-BA08-6D691AE0904E}.Release|Any CPU.Build.0 = Release|Any CPU
		{8BB970BC-6D67-4631-B5B6-7FDBE796EE87}.Debug|Any CPU.ActiveCfg = Debug|Any CPU
		{8BB970BC-6D67-4631-B5B6-7FDBE796EE87}.Debug|Any CPU.Build.0 = Debug|Any CPU
		{8BB970BC-6D67-4631-B5B6-7FDBE796EE87}.Release|Any CPU.ActiveCfg = Release|Any CPU
		{8BB970BC-6D67-4631-B5B6-7FDBE796EE87}.Release|Any CPU.Build.0 = Release|Any CPU
	EndGlobalSection
EndGlobal
